Microsoft Visual Studio Solution File, Format Version 12.00
# Visual Studio 2012
Project("{FAE04EC0-301F-11D3-BF4B-00C04F79EFBC}") = "Avoid The Monsters", "Avoid The Monsters.csproj", "{08D005A4-3FBB-4945-9E18-FEFAA7C2F6D1}"
EndProject
Global
	GlobalSection(SolutionConfigurationPlatforms) = preSolution
	Debug|Any CPU = Debug|Any CPU
	ExportDebug|Any CPU = ExportDebug|Any CPU
	ExportRelease|Any CPU = ExportRelease|Any CPU
	EndGlobalSection
	GlobalSection(ProjectConfigurationPlatforms) = postSolution
		{08D005A4-3FBB-4945-9E18-FEFAA7C2F6D1}.Debug|Any CPU.ActiveCfg = Debug|Any CPU
		{08D005A4-3FBB-4945-9E18-FEFAA7C2F6D1}.Debug|Any CPU.Build.0 = Debug|Any CPU
		{08D005A4-3FBB-4945-9E18-FEFAA7C2F6D1}.ExportDebug|Any CPU.ActiveCfg = ExportDebug|Any CPU
		{08D005A4-3FBB-4945-9E18-FEFAA7C2F6D1}.ExportDebug|Any CPU.Build.0 = ExportDebug|Any CPU
		{08D005A4-3FBB-4945-9E18-FEFAA7C2F6D1}.ExportRelease|Any CPU.ActiveCfg = ExportRelease|Any CPU
		{08D005A4-3FBB-4945-9E18-FEFAA7C2F6D1}.ExportRelease|Any CPU.Build.0 = ExportRelease|Any CPU
	EndGlobalSection
EndGlobal
